
Microsoft Visual Studio Solution File, Format Version 12.00
# Visual Studio Version 16
VisualStudioVersion = 16.0.31005.135
MinimumVisualStudioVersion = 10.0.40219.1
Project("{D954291E-2A0B-460D-934E-DC6B0785DB48}") = "SharedItems", "SharedItems\SharedItems.shproj", "{A5DC5853-0EB8-493E-804D-D596D841AA2D}"
EndProject
Project("{D954291E-2A0B-460D-934E-DC6B0785DB48}") = "DbClasses", "DbClasses\DbClasses.shproj", "{12E573A5-7ED8-4EE0-8A9E-E8304DE4CD86}"
EndProject
Project("{D954291E-2A0B-460D-934E-DC6B0785DB48}") = "MpttTreeManagement", "MpttTreeManagement\MpttTreeManagement.shproj", "{AEA6904A-A8B6-4602-8946-03DF79CBBD30}"
EndProject
Project("{D954291E-2A0B-460D-934E-DC6B0785DB48}") = "BusinessLayer", "BusinessLayer\BusinessLayer.shproj", "{737A759A-6C1F-4BD7-A682-390C8B018712}"
EndProject
Project("{D954291E-2A0B-460D-934E-DC6B0785DB48}") = "SharedWinForms", "SharedWinForms\SharedWinForms.shproj", "{BDB76E62-3474-4529-B85D-2EBE40C7BEFB}"
EndProject
Project("{D954291E-2A0B-460D-934E-DC6B0785DB48}") = "DataLayer", "DataLayer\DataLayer.shproj", "{CB4BAAD0-AC1D-4A7B-A02F-47B386D77F34}"
EndProject
Project("{9A19103F-16F7-4668-BE54-9A1E7A4F7556}") = "SchoolGrades", "SchoolGrades\SchoolGrades.csproj", "{ABAF6EE3-146A-4E5F-9586-806679363E2D}"
EndProject
Global
	GlobalSection(SharedMSBuildProjectFiles) = preSolution
		DbClasses\DbClasses.projitems*{12e573a5-7ed8-4ee0-8a9e-e8304de4cd86}*SharedItemsImports = 13
		BusinessLayer\BusinessLayer.projitems*{737a759a-6c1f-4bd7-a682-390c8b018712}*SharedItemsImports = 13
		SharedItems\SharedItems.projitems*{a5dc5853-0eb8-493e-804d-d596d841aa2d}*SharedItemsImports = 13
		BusinessLayer\BusinessLayer.projitems*{abaf6ee3-146a-4e5f-9586-806679363e2d}*SharedItemsImports = 5
		DataLayer\DataLayer.projitems*{abaf6ee3-146a-4e5f-9586-806679363e2d}*SharedItemsImports = 5
		DbClasses\DbClasses.projitems*{abaf6ee3-146a-4e5f-9586-806679363e2d}*SharedItemsImports = 5
		MpttTreeManagement\MpttTreeManagement.projitems*{abaf6ee3-146a-4e5f-9586-806679363e2d}*SharedItemsImports = 5
		SharedItems\SharedItems.projitems*{abaf6ee3-146a-4e5f-9586-806679363e2d}*SharedItemsImports = 5
		SharedWinForms\SharedWinForms.projitems*{abaf6ee3-146a-4e5f-9586-806679363e2d}*SharedItemsImports = 5
		MpttTreeManagement\MpttTreeManagement.projitems*{aea6904a-a8b6-4602-8946-03df79cbbd30}*SharedItemsImports = 13
		SharedWinForms\SharedWinForms.projitems*{bdb76e62-3474-4529-b85d-2ebe40c7befb}*SharedItemsImports = 13
		DataLayer\DataLayer.projitems*{cb4baad0-ac1d-4a7b-a02f-47b386d77f34}*SharedItemsImports = 13
	EndGlobalSection
	GlobalSection(SolutionConfigurationPlatforms) = preSolution
		Debug|Any CPU = Debug|Any CPU
		Release|Any CPU = Release|Any CPU
	EndGlobalSection
	GlobalSection(ProjectConfigurationPlatforms) = postSolution
		{ABAF6EE3-146A-4E5F-9586-806679363E2D}.Debug|Any CPU.ActiveCfg = Debug|Any CPU
		{ABAF6EE3-146A-4E5F-9586-806679363E2D}.Debug|Any CPU.Build.0 = Debug|Any CPU
		{ABAF6EE3-146A-4E5F-9586-806679363E2D}.Release|Any CPU.ActiveCfg = Release|Any CPU
		{ABAF6EE3-146A-4E5F-9586-806679363E2D}.Release|Any CPU.Build.0 = Release|Any CPU
	EndGlobalSection
	GlobalSection(SolutionProperties) = preSolution
		HideSolutionNode = FALSE
	EndGlobalSection
	GlobalSection(ExtensibilityGlobals) = postSolution
		SolutionGuid = {65769141-F154-4DBE-8CFE-B123C23A4A78}
	EndGlobalSection
EndGlobal
