
Microsoft Visual Studio Solution File, Format Version 12.00
# Visual Studio Version 17
VisualStudioVersion = 17.3.32825.248
MinimumVisualStudioVersion = 10.0.40219.1
Project("{D954291E-2A0B-460D-934E-DC6B0785DB48}") = "SharedItems", "SharedItems\SharedItems.shproj", "{A5DC5853-0EB8-493E-804D-D596D841AA2D}"
EndProject
Project("{D954291E-2A0B-460D-934E-DC6B0785DB48}") = "MpttTreeManagement", "MpttTreeManagement\MpttTreeManagement.shproj", "{AEA6904A-A8B6-4602-8946-03DF79CBBD30}"
EndProject
Project("{D954291E-2A0B-460D-934E-DC6B0785DB48}") = "DataLayer", "DataLayer\DataLayer.shproj", "{2447D414-6DDB-4193-BD6D-FD70165B57BE}"
EndProject
Project("{D954291E-2A0B-460D-934E-DC6B0785DB48}") = "BusinessLayer", "BusinessLayer\BusinessLayer.shproj", "{737A759A-6C1F-4BD7-A682-390C8B018712}"
EndProject
Project("{D954291E-2A0B-460D-934E-DC6B0785DB48}") = "SharedWinForms", "SharedWinForms\SharedWinForms.shproj", "{BDB76E62-3474-4529-B85D-2EBE40C7BEFB}"
EndProject
Project("{9A19103F-16F7-4668-BE54-9A1E7A4F7556}") = "SchoolGrades", "SchoolGrades\SchoolGrades.csproj", "{14583D93-E4DD-4E30-8D6D-194727A795D3}"
EndProject
Project("{D954291E-2A0B-460D-934E-DC6B0785DB48}") = "BusinessObjects", "BusinessObjects\BusinessObjects.shproj", "{FC67D93E-C273-48FB-B183-DFA07592452E}"
EndProject
Project("{FAE04EC0-301F-11D3-BF4B-00C04F79EFBC}") = "NUnit_Tests", "NUnit_Tests\NUnit_Tests.csproj", "{B05D9161-AEFF-42B0-8967-8FB771C7D395}"
EndProject
Global
	GlobalSection(SolutionConfigurationPlatforms) = preSolution
		Debug|Any CPU = Debug|Any CPU
		Debug|ARM = Debug|ARM
		Debug|ARM64 = Debug|ARM64
		Debug|x64 = Debug|x64
		Debug|x86 = Debug|x86
		Release|Any CPU = Release|Any CPU
		Release|ARM = Release|ARM
		Release|ARM64 = Release|ARM64
		Release|x64 = Release|x64
		Release|x86 = Release|x86
	EndGlobalSection
	GlobalSection(ProjectConfigurationPlatforms) = postSolution
		{14583D93-E4DD-4E30-8D6D-194727A795D3}.Debug|Any CPU.ActiveCfg = Debug|Any CPU
		{14583D93-E4DD-4E30-8D6D-194727A795D3}.Debug|Any CPU.Build.0 = Debug|Any CPU
		{14583D93-E4DD-4E30-8D6D-194727A795D3}.Debug|ARM.ActiveCfg = Debug|Any CPU
		{14583D93-E4DD-4E30-8D6D-194727A795D3}.Debug|ARM.Build.0 = Debug|Any CPU
		{14583D93-E4DD-4E30-8D6D-194727A795D3}.Debug|ARM64.ActiveCfg = Debug|Any CPU
		{14583D93-E4DD-4E30-8D6D-194727A795D3}.Debug|ARM64.Build.0 = Debug|Any CPU
		{14583D93-E4DD-4E30-8D6D-194727A795D3}.Debug|x64.ActiveCfg = Debug|Any CPU
		{14583D93-E4DD-4E30-8D6D-194727A795D3}.Debug|x64.Build.0 = Debug|Any CPU
		{14583D93-E4DD-4E30-8D6D-194727A795D3}.Debug|x86.ActiveCfg = Debug|Any CPU
		{14583D93-E4DD-4E30-8D6D-194727A795D3}.Debug|x86.Build.0 = Debug|Any CPU
		{14583D93-E4DD-4E30-8D6D-194727A795D3}.Release|Any CPU.ActiveCfg = Release|Any CPU
		{14583D93-E4DD-4E30-8D6D-194727A795D3}.Release|Any CPU.Build.0 = Release|Any CPU
		{14583D93-E4DD-4E30-8D6D-194727A795D3}.Release|ARM.ActiveCfg = Release|Any CPU
		{14583D93-E4DD-4E30-8D6D-194727A795D3}.Release|ARM.Build.0 = Release|Any CPU
		{14583D93-E4DD-4E30-8D6D-194727A795D3}.Release|ARM64.ActiveCfg = Release|Any CPU
		{14583D93-E4DD-4E30-8D6D-194727A795D3}.Release|ARM64.Build.0 = Release|Any CPU
		{14583D93-E4DD-4E30-8D6D-194727A795D3}.Release|x64.ActiveCfg = Release|Any CPU
		{14583D93-E4DD-4E30-8D6D-194727A795D3}.Release|x64.Build.0 = Release|Any CPU
		{14583D93-E4DD-4E30-8D6D-194727A795D3}.Release|x86.ActiveCfg = Release|Any CPU
		{14583D93-E4DD-4E30-8D6D-194727A795D3}.Release|x86.Build.0 = Release|Any CPU
		{B05D9161-AEFF-42B0-8967-8FB771C7D395}.Debug|Any CPU.ActiveCfg = Debug|Any CPU
		{B05D9161-AEFF-42B0-8967-8FB771C7D395}.Debug|Any CPU.Build.0 = Debug|Any CPU
		{B05D9161-AEFF-42B0-8967-8FB771C7D395}.Debug|ARM.ActiveCfg = Debug|Any CPU
		{B05D9161-AEFF-42B0-8967-8FB771C7D395}.Debug|ARM.Build.0 = Debug|Any CPU
		{B05D9161-AEFF-42B0-8967-8FB771C7D395}.Debug|ARM64.ActiveCfg = Debug|Any CPU
		{B05D9161-AEFF-42B0-8967-8FB771C7D395}.Debug|ARM64.Build.0 = Debug|Any CPU
		{B05D9161-AEFF-42B0-8967-8FB771C7D395}.Debug|x64.ActiveCfg = Debug|Any CPU
		{B05D9161-AEFF-42B0-8967-8FB771C7D395}.Debug|x64.Build.0 = Debug|Any CPU
		{B05D9161-AEFF-42B0-8967-8FB771C7D395}.Debug|x86.ActiveCfg = Debug|Any CPU
		{B05D9161-AEFF-42B0-8967-8FB771C7D395}.Debug|x86.Build.0 = Debug|Any CPU
		{B05D9161-AEFF-42B0-8967-8FB771C7D395}.Release|Any CPU.ActiveCfg = Release|Any CPU
		{B05D9161-AEFF-42B0-8967-8FB771C7D395}.Release|Any CPU.Build.0 = Release|Any CPU
		{B05D9161-AEFF-42B0-8967-8FB771C7D395}.Release|ARM.ActiveCfg = Release|Any CPU
		{B05D9161-AEFF-42B0-8967-8FB771C7D395}.Release|ARM.Build.0 = Release|Any CPU
		{B05D9161-AEFF-42B0-8967-8FB771C7D395}.Release|ARM64.ActiveCfg = Release|Any CPU
		{B05D9161-AEFF-42B0-8967-8FB771C7D395}.Release|ARM64.Build.0 = Release|Any CPU
		{B05D9161-AEFF-42B0-8967-8FB771C7D395}.Release|x64.ActiveCfg = Release|Any CPU
		{B05D9161-AEFF-42B0-8967-8FB771C7D395}.Release|x64.Build.0 = Release|Any CPU
		{B05D9161-AEFF-42B0-8967-8FB771C7D395}.Release|x86.ActiveCfg = Release|Any CPU
		{B05D9161-AEFF-42B0-8967-8FB771C7D395}.Release|x86.Build.0 = Release|Any CPU
	EndGlobalSection
	GlobalSection(SolutionProperties) = preSolution
		HideSolutionNode = FALSE
	EndGlobalSection
	GlobalSection(ExtensibilityGlobals) = postSolution
		SolutionGuid = {65769141-F154-4DBE-8CFE-B123C23A4A78}
	EndGlobalSection
	GlobalSection(SharedMSBuildProjectFiles) = preSolution
		BusinessLayer\BusinessLayer.projitems*{14583d93-e4dd-4e30-8d6d-194727a795d3}*SharedItemsImports = 5
		BusinessObjects\BusinessObjects.projitems*{14583d93-e4dd-4e30-8d6d-194727a795d3}*SharedItemsImports = 5
		DataLayer\DataLayer.projitems*{14583d93-e4dd-4e30-8d6d-194727a795d3}*SharedItemsImports = 5
		MpttTreeManagement\MpttTreeManagement.projitems*{14583d93-e4dd-4e30-8d6d-194727a795d3}*SharedItemsImports = 5
		SharedItems\SharedItems.projitems*{14583d93-e4dd-4e30-8d6d-194727a795d3}*SharedItemsImports = 5
		SharedWinForms\SharedWinForms.projitems*{14583d93-e4dd-4e30-8d6d-194727a795d3}*SharedItemsImports = 5
		DataLayer\DataLayer.projitems*{2447d414-6ddb-4193-bd6d-fd70165b57be}*SharedItemsImports = 13
		BusinessLayer\BusinessLayer.projitems*{737a759a-6c1f-4bd7-a682-390c8b018712}*SharedItemsImports = 13
		SharedItems\SharedItems.projitems*{a5dc5853-0eb8-493e-804d-d596d841aa2d}*SharedItemsImports = 13
		MpttTreeManagement\MpttTreeManagement.projitems*{aea6904a-a8b6-4602-8946-03df79cbbd30}*SharedItemsImports = 13
		BusinessLayer\BusinessLayer.projitems*{b05d9161-aeff-42b0-8967-8fb771c7d395}*SharedItemsImports = 5
		BusinessObjects\BusinessObjects.projitems*{b05d9161-aeff-42b0-8967-8fb771c7d395}*SharedItemsImports = 5
		DataLayer\DataLayer.projitems*{b05d9161-aeff-42b0-8967-8fb771c7d395}*SharedItemsImports = 5
		SharedItems\SharedItems.projitems*{b05d9161-aeff-42b0-8967-8fb771c7d395}*SharedItemsImports = 5
		SharedWinForms\SharedWinForms.projitems*{bdb76e62-3474-4529-b85d-2ebe40c7befb}*SharedItemsImports = 13
		BusinessObjects\BusinessObjects.projitems*{fc67d93e-c273-48fb-b183-dfa07592452e}*SharedItemsImports = 13
	EndGlobalSection
EndGlobal
