
Microsoft Visual Studio Solution File, Format Version 12.00
# Visual Studio Version 17
VisualStudioVersion = 17.6.33829.357
MinimumVisualStudioVersion = 10.0.40219.1
Project("{FAE04EC0-301F-11D3-BF4B-00C04F79EFBC}") = "SETUPWPF_MARCOIOSA4E", "SETUPWPF_MARCOIOSA4E\SETUPWPF_MARCOIOSA4E.csproj", "{32DC482F-68A3-4694-A674-5F8BCF3DEF7A}"
EndProject
Global
	GlobalSection(SolutionConfigurationPlatforms) = preSolution
		Debug|Any CPU = Debug|Any CPU
		Release|Any CPU = Release|Any CPU
	EndGlobalSection
	GlobalSection(ProjectConfigurationPlatforms) = postSolution
		{32DC482F-68A3-4694-A674-5F8BCF3DEF7A}.Debug|Any CPU.ActiveCfg = Debug|Any CPU
		{32DC482F-68A3-4694-A674-5F8BCF3DEF7A}.Debug|Any CPU.Build.0 = Debug|Any CPU
		{32DC482F-68A3-4694-A674-5F8BCF3DEF7A}.Release|Any CPU.ActiveCfg = Release|Any CPU
		{32DC482F-68A3-4694-A674-5F8BCF3DEF7A}.Release|Any CPU.Build.0 = Release|Any CPU
	EndGlobalSection
	GlobalSection(SolutionProperties) = preSolution
		HideSolutionNode = FALSE
	EndGlobalSection
	GlobalSection(ExtensibilityGlobals) = postSolution
		SolutionGuid = {0167F05B-2AE7-4E93-9605-D36C422E461C}
	EndGlobalSection
EndGlobal
