
Microsoft Visual Studio Solution File, Format Version 12.00
# Visual Studio Version 17
VisualStudioVersion = 17.6.33829.357
MinimumVisualStudioVersion = 10.0.40219.1
Project("{FAE04EC0-301F-11D3-BF4B-00C04F79EFBC}") = "SchoolGrades_WPF", "SchoolGrades_WPF\SchoolGrades_WPF.csproj", "{93C917F7-4BF6-4158-B78C-BF4CD989F4C1}"
EndProject
Global
	GlobalSection(SolutionConfigurationPlatforms) = preSolution
		Debug|Any CPU = Debug|Any CPU
		Release|Any CPU = Release|Any CPU
	EndGlobalSection
	GlobalSection(ProjectConfigurationPlatforms) = postSolution
		{93C917F7-4BF6-4158-B78C-BF4CD989F4C1}.Debug|Any CPU.ActiveCfg = Debug|Any CPU
		{93C917F7-4BF6-4158-B78C-BF4CD989F4C1}.Debug|Any CPU.Build.0 = Debug|Any CPU
		{93C917F7-4BF6-4158-B78C-BF4CD989F4C1}.Release|Any CPU.ActiveCfg = Release|Any CPU
		{93C917F7-4BF6-4158-B78C-BF4CD989F4C1}.Release|Any CPU.Build.0 = Release|Any CPU
	EndGlobalSection
	GlobalSection(SolutionProperties) = preSolution
		HideSolutionNode = FALSE
	EndGlobalSection
	GlobalSection(ExtensibilityGlobals) = postSolution
		SolutionGuid = {A42DFE55-6168-4556-8E58-F9CFBCE16DA9}
	EndGlobalSection
EndGlobal
